Microsoft Visual Studio Solution File, Format Version 12.00
# Visual Studio 14
VisualStudioVersion = 14.0.25420.1
MinimumVisualStudioVersion = 10.0.40219.1
Project("{FAE04EC0-301F-11D3-BF4B-00C04F79EFBC}") = "BE", "BE\BE.csproj", "{BE9D11EB-B78D-45F6-B76D-2C3E56B754F2}"
EndProject
Project("{FAE04EC0-301F-11D3-BF4B-00C04F79EFBC}") = "DTO", "DTO\DTO.csproj", "{AE9A312F-D7A4-495A-81DC-72F3B1B713E5}"
EndProject
Project("{FAE04EC0-301F-11D3-BF4B-00C04F79EFBC}") = "FE", "FE\FE.csproj", "{57FF88B3-FEA1-4A70-92FD-D0790827CD87}"
EndProject
Project("{FAE04EC0-301F-11D3-BF4B-00C04F79EFBC}") = "Fns", "Fns\Fns.csproj", "{07D40836-A624-4264-B4BC-FF713F9A373B}"
EndProject
Project("{FAE04EC0-301F-11D3-BF4B-00C04F79EFBC}") = "Services", "Services\Services.csproj", "{E7F375F7-E702-4E99-A2A2-0308BBD487FD}"
EndProject
Global
	GlobalSection(SolutionConfigurationPlatforms) = preSolution
		Debug|Any CPU = Debug|Any CPU
		Release|Any CPU = Release|Any CPU
	EndGlobalSection
	GlobalSection(ProjectConfigurationPlatforms) = postSolution
		{BE9D11EB-B78D-45F6-B76D-2C3E56B754F2}.Debug|Any CPU.ActiveCfg = Debug|Any CPU
		{BE9D11EB-B78D-45F6-B76D-2C3E56B754F2}.Debug|Any CPU.Build.0 = Debug|Any CPU
		{BE9D11EB-B78D-45F6-B76D-2C3E56B754F2}.Release|Any CPU.ActiveCfg = Release|Any CPU
		{BE9D11EB-B78D-45F6-B76D-2C3E56B754F2}.Release|Any CPU.Build.0 = Release|Any CPU
		{AE9A312F-D7A4-495A-81DC-72F3B1B713E5}.Debug|Any CPU.ActiveCfg = Debug|Any CPU
		{AE9A312F-D7A4-495A-81DC-72F3B1B713E5}.Debug|Any CPU.Build.0 = Debug|Any CPU
		{AE9A312F-D7A4-495A-81DC-72F3B1B713E5}.Release|Any CPU.ActiveCfg = Release|Any CPU
		{AE9A312F-D7A4-495A-81DC-72F3B1B713E5}.Release|Any CPU.Build.0 = Release|Any CPU
		{57FF88B3-FEA1-4A70-92FD-D0790827CD87}.Debug|Any CPU.ActiveCfg = Debug|Any CPU
		{57FF88B3-FEA1-4A70-92FD-D0790827CD87}.Debug|Any CPU.Build.0 = Debug|Any CPU
		{57FF88B3-FEA1-4A70-92FD-D0790827CD87}.Release|Any CPU.ActiveCfg = Release|Any CPU
		{57FF88B3-FEA1-4A70-92FD-D0790827CD87}.Release|Any CPU.Build.0 = Release|Any CPU
		{07D40836-A624-4264-B4BC-FF713F9A373B}.Debug|Any CPU.ActiveCfg = Debug|Any CPU
		{07D40836-A624-4264-B4BC-FF713F9A373B}.Debug|Any CPU.Build.0 = Debug|Any CPU
		{07D40836-A624-4264-B4BC-FF713F9A373B}.Release|Any CPU.ActiveCfg = Release|Any CPU
		{07D40836-A624-4264-B4BC-FF713F9A373B}.Release|Any CPU.Build.0 = Release|Any CPU
		{E7F375F7-E702-4E99-A2A2-0308BBD487FD}.Debug|Any CPU.ActiveCfg = Debug|Any CPU
		{E7F375F7-E702-4E99-A2A2-0308BBD487FD}.Debug|Any CPU.Build.0 = Debug|Any CPU
		{E7F375F7-E702-4E99-A2A2-0308BBD487FD}.Release|Any CPU.ActiveCfg = Release|Any CPU
		{E7F375F7-E702-4E99-A2A2-0308BBD487FD}.Release|Any CPU.Build.0 = Release|Any CPU
	EndGlobalSection
	GlobalSection(SolutionProperties) = preSolution
		HideSolutionNode = FALSE
	EndGlobalSection
EndGlobal
